
Microsoft Visual Studio Solution File, Format Version 12.00
# Visual Studio Version 18
VisualStudioVersion = 18.0.11018.127
MinimumVisualStudioVersion = 10.0.40219.1
Project("{FAE04EC0-301F-11D3-BF4B-00C04F79EFBC}") = "MotoRentManager.API", "MotoRentManager.API\MotoRentManager.API.csproj", "{858C1D45-494C-49F3-B3A1-F1838A730615}"
EndProject
Project("{FAE04EC0-301F-11D3-BF4B-00C04F79EFBC}") = "MotoRentManager.Application", "MotoRentManager.Application\MotoRentManager.Application.csproj", "{9DF0A757-CF86-4C88-9828-3D0DBCFE16EF}"
EndProject
Project("{FAE04EC0-301F-11D3-BF4B-00C04F79EFBC}") = "MotoRentManager.Domain", "MotoRentManager.Domain\MotoRentManager.Domain.csproj", "{65BAB057-80BC-4FC9-BA03-A62269E16D2B}"
EndProject
Project("{FAE04EC0-301F-11D3-BF4B-00C04F79EFBC}") = "MotoRentManager.Infra", "MotoRentManager.Infra\MotoRentManager.Infra.csproj", "{BA60B69B-4D6C-4F91-8976-8487C9105092}"
EndProject
Project("{E53339B2-1760-4266-BCC7-CA923CBCF16C}") = "docker-compose", "docker-compose.dcproj", "{81DDED9D-158B-E303-5F62-77A2896D2A5A}"
EndProject
Global
	GlobalSection(SolutionConfigurationPlatforms) = preSolution
		Debug|Any CPU = Debug|Any CPU
		Release|Any CPU = Release|Any CPU
	EndGlobalSection
	GlobalSection(ProjectConfigurationPlatforms) = postSolution
		{858C1D45-494C-49F3-B3A1-F1838A730615}.Debug|Any CPU.ActiveCfg = Debug|Any CPU
		{858C1D45-494C-49F3-B3A1-F1838A730615}.Debug|Any CPU.Build.0 = Debug|Any CPU
		{858C1D45-494C-49F3-B3A1-F1838A730615}.Release|Any CPU.ActiveCfg = Release|Any CPU
		{858C1D45-494C-49F3-B3A1-F1838A730615}.Release|Any CPU.Build.0 = Release|Any CPU
		{9DF0A757-CF86-4C88-9828-3D0DBCFE16EF}.Debug|Any CPU.ActiveCfg = Debug|Any CPU
		{9DF0A757-CF86-4C88-9828-3D0DBCFE16EF}.Debug|Any CPU.Build.0 = Debug|Any CPU
		{9DF0A757-CF86-4C88-9828-3D0DBCFE16EF}.Release|Any CPU.ActiveCfg = Release|Any CPU
		{9DF0A757-CF86-4C88-9828-3D0DBCFE16EF}.Release|Any CPU.Build.0 = Release|Any CPU
		{65BAB057-80BC-4FC9-BA03-A62269E16D2B}.Debug|Any CPU.ActiveCfg = Debug|Any CPU
		{65BAB057-80BC-4FC9-BA03-A62269E16D2B}.Debug|Any CPU.Build.0 = Debug|Any CPU
		{65BAB057-80BC-4FC9-BA03-A62269E16D2B}.Release|Any CPU.ActiveCfg = Release|Any CPU
		{65BAB057-80BC-4FC9-BA03-A62269E16D2B}.Release|Any CPU.Build.0 = Release|Any CPU
		{BA60B69B-4D6C-4F91-8976-8487C9105092}.Debug|Any CPU.ActiveCfg = Debug|Any CPU
		{BA60B69B-4D6C-4F91-8976-8487C9105092}.Debug|Any CPU.Build.0 = Debug|Any CPU
		{BA60B69B-4D6C-4F91-8976-8487C9105092}.Release|Any CPU.ActiveCfg = Release|Any CPU
		{BA60B69B-4D6C-4F91-8976-8487C9105092}.Release|Any CPU.Build.0 = Release|Any CPU
		{81DDED9D-158B-E303-5F62-77A2896D2A5A}.Debug|Any CPU.ActiveCfg = Debug|Any CPU
		{81DDED9D-158B-E303-5F62-77A2896D2A5A}.Debug|Any CPU.Build.0 = Debug|Any CPU
		{81DDED9D-158B-E303-5F62-77A2896D2A5A}.Release|Any CPU.ActiveCfg = Release|Any CPU
		{81DDED9D-158B-E303-5F62-77A2896D2A5A}.Release|Any CPU.Build.0 = Release|Any CPU
	EndGlobalSection
	GlobalSection(SolutionProperties) = preSolution
		HideSolutionNode = FALSE
	EndGlobalSection
	GlobalSection(ExtensibilityGlobals) = postSolution
		SolutionGuid = {BCF36F84-2050-47E8-B4B3-AEA04C7A06FE}
	EndGlobalSection
EndGlobal
